
Microsoft Visual Studio Solution File, Format Version 12.00
# Visual Studio Version 16
VisualStudioVersion = 25.0.1706.14
MinimumVisualStudioVersion = 10.0.40219.1
Project("{FAE04EC0-301F-11D3-BF4B-00C04F79EFBC}") = "Telegram-bot", "Telegram-bot\Telegram-bot.csproj", "{972965CF-9DA7-47A3-9D8A-37075A021A54}"
EndProject
Global
	GlobalSection(SolutionConfigurationPlatforms) = preSolution
		Debug|Any CPU = Debug|Any CPU
		Release|Any CPU = Release|Any CPU
	EndGlobalSection
	GlobalSection(ProjectConfigurationPlatforms) = postSolution
		{972965CF-9DA7-47A3-9D8A-37075A021A54}.Debug|Any CPU.ActiveCfg = Debug|Any CPU
		{972965CF-9DA7-47A3-9D8A-37075A021A54}.Debug|Any CPU.Build.0 = Debug|Any CPU
		{972965CF-9DA7-47A3-9D8A-37075A021A54}.Release|Any CPU.ActiveCfg = Release|Any CPU
		{972965CF-9DA7-47A3-9D8A-37075A021A54}.Release|Any CPU.Build.0 = Release|Any CPU
	EndGlobalSection
	GlobalSection(SolutionProperties) = preSolution
		HideSolutionNode = FALSE
	EndGlobalSection
	GlobalSection(ExtensibilityGlobals) = postSolution
		SolutionGuid = {7A97CCF4-F36A-4381-9F18-6BAB3F904B79}
	EndGlobalSection
EndGlobal
